version: 2.0
shards:
  admiral:
    git: https://github.com/jwaldrip/admiral.cr.git
    version: 1.11.2+git.commit.c3c3467953654554b72c24e7b853d6fbb23f10c0

  clear:
    git: https://github.com/watzon/clear.git
    version: 0.9+git.commit.33b2a3f04fbdf04314b02a51a3b481c71a630333

  db:
    git: https://github.com/crystal-lang/crystal-db.git
    version: 0.9.0

  dotenv:
    git: https://github.com/gdotdesign/cr-dotenv.git
    version: 0.7.0

  generate:
    git: https://github.com/anykeyh/generate.cr.git
    version: 0.1.0+git.commit.27a59d663ded8ce39a361e3a88b8dd747f59ce42

  http_proxy:
    git: https://github.com/mamantoha/http_proxy.git
    version: 0.4.0+git.commit.1fb7bc325e479f3c0d6411b6973f4b69a0d66580

  i18n:
    git: https://github.com/TechMagister/i18n.cr.git
    version: 0.3.1+git.commit.7e8168f2a0d567d3722a70b3a3a1028930e1c47e

  inflector:
    git: https://github.com/phoffer/inflector.cr.git
    version: 0.1.8

  micrate:
    git: https://github.com/amberframework/micrate.git
    version: 0.8.0

  mosquito:
    git: https://github.com/robacarp/mosquito.git
    version: 0.8.0+git.commit.b38a224fd9c16a11e5f0d7923b8ce950317a2292

  pg:
    git: https://github.com/will/crystal-pg.git
    version: 0.21.1+git.commit.cafe111fc28e366c219144d5f656c3718d7357dd

  pool:
    git: https://github.com/watzon/pool.git
    version: 0.3.0

  redis:
    git: https://github.com/stefanwille/crystal-redis.git
    version: 2.6.0

  sentry:
    git: https://github.com/watzon/sentry.git
    version: 0.3.2+git.commit.c112bb53a1de3b3d90d712b9435b63901188bcc0

  tourmaline:
    git: https://github.com/protoncr/tourmaline.git
    version: 0.21.0+git.commit.287f4d25aba12306e0f70c8df1f5d452ea512d48

